
Microsoft Visual Studio Solution File, Format Version 12.00
# Visual Studio 14
VisualStudioVersion = 14.0.25420.1
MinimumVisualStudioVersion = 10.0.40219.1
Project("{FAE04EC0-301F-11D3-BF4B-00C04F79EFBC}") = "NLP_WPF", "NLP_WPF\NLP_WPF.csproj", "{7089779E-C64F-4EF8-92BB-1B052E99E169}"
EndProject
Global
	GlobalSection(SolutionConfigurationPlatforms) = preSolution
		Debug|Any CPU = Debug|Any CPU
		Release|Any CPU = Release|Any CPU
	EndGlobalSection
	GlobalSection(ProjectConfigurationPlatforms) = postSolution
		{7089779E-C64F-4EF8-92BB-1B052E99E169}.Debug|Any CPU.ActiveCfg = Debug|Any CPU
		{7089779E-C64F-4EF8-92BB-1B052E99E169}.Debug|Any CPU.Build.0 = Debug|Any CPU
		{7089779E-C64F-4EF8-92BB-1B052E99E169}.Release|Any CPU.ActiveCfg = Release|Any CPU
		{7089779E-C64F-4EF8-92BB-1B052E99E169}.Release|Any CPU.Build.0 = Release|Any CPU
	EndGlobalSection
	GlobalSection(SolutionProperties) = preSolution
		HideSolutionNode = FALSE
	EndGlobalSection
EndGlobal
